
Microsoft Visual Studio Solution File, Format Version 12.00
# Visual Studio Version 17
VisualStudioVersion = 17.0.31903.59
MinimumVisualStudioVersion = 10.0.40219.1
Project("{2150E333-8FDC-42A3-9474-1A3956D46DE8}") = "src", "src", "{827E0CD3-B72D-47B6-A68D-7590B98EB39B}"
EndProject
Project("{FAE04EC0-301F-11D3-BF4B-00C04F79EFBC}") = "EcoPause.Hardware.Abstractions", "src\EcoPause.Hardware.Abstractions\EcoPause.Hardware.Abstractions.csproj", "{63B984D8-489E-4BDA-8398-F3ACC2C80245}"
EndProject
Project("{FAE04EC0-301F-11D3-BF4B-00C04F79EFBC}") = "EcoPause.Hardware.Nvidia", "src\EcoPause.Hardware.Nvidia\EcoPause.Hardware.Nvidia.csproj", "{0BB92853-3F14-49C1-A464-521CC4DA8E50}"
EndProject
Project("{FAE04EC0-301F-11D3-BF4B-00C04F79EFBC}") = "EcoPause.Probe", "src\EcoPause.Probe\EcoPause.Probe.csproj", "{AE5C6195-E26A-4416-98B3-9AE64F42C13A}"
EndProject
Project("{2150E333-8FDC-42A3-9474-1A3956D46DE8}") = "tests", "tests", "{0AB3BF05-4346-4AA6-1389-037BE0695223}"
EndProject
Project("{FAE04EC0-301F-11D3-BF4B-00C04F79EFBC}") = "EcoPause.Hardware.Tests", "tests\EcoPause.Hardware.Tests\EcoPause.Hardware.Tests.csproj", "{930B459A-1AFE-4252-BE30-E6ECB481FB48}"
EndProject
Project("{FAE04EC0-301F-11D3-BF4B-00C04F79EFBC}") = "EcoPause.Core", "src\EcoPause.Core\EcoPause.Core.csproj", "{4CC74264-524C-4DE7-8A85-EACB72F0D176}"
EndProject
Project("{FAE04EC0-301F-11D3-BF4B-00C04F79EFBC}") = "EcoPause.Core.Tests", "tests\EcoPause.Core.Tests\EcoPause.Core.Tests.csproj", "{EFB2C78B-88D9-4F19-A240-CFDFE32C9ADA}"
EndProject
Project("{FAE04EC0-301F-11D3-BF4B-00C04F79EFBC}") = "EcoPause.Simulation", "src\EcoPause.Simulation\EcoPause.Simulation.csproj", "{7942D0C4-B0E4-4C8F-9B2E-E7FBA28529F0}"
EndProject
Project("{FAE04EC0-301F-11D3-BF4B-00C04F79EFBC}") = "EcoPause.HardwareHost.Protocol", "src\EcoPause.HardwareHost.Protocol\EcoPause.HardwareHost.Protocol.csproj", "{1373FC4D-27D7-4C88-AD1D-2A72304095CE}"
EndProject
Project("{FAE04EC0-301F-11D3-BF4B-00C04F79EFBC}") = "EcoPause.HardwareHost.Transport", "src\EcoPause.HardwareHost.Transport\EcoPause.HardwareHost.Transport.csproj", "{37ABEE85-D03D-417D-AAC8-9D8E39F22066}"
EndProject
Project("{FAE04EC0-301F-11D3-BF4B-00C04F79EFBC}") = "EcoPause.Transport.Simulation", "src\EcoPause.Transport.Simulation\EcoPause.Transport.Simulation.csproj", "{E2BC2E69-9270-42B9-B23A-19647718428D}"
EndProject
Project("{FAE04EC0-301F-11D3-BF4B-00C04F79EFBC}") = "EcoPause.ElevatedHost.Simulation", "src\EcoPause.ElevatedHost.Simulation\EcoPause.ElevatedHost.Simulation.csproj", "{7BC266CB-2C3C-4473-816C-418159C8428B}"
EndProject
Project("{FAE04EC0-301F-11D3-BF4B-00C04F79EFBC}") = "EcoPause.Elevation.Simulation", "src\EcoPause.Elevation.Simulation\EcoPause.Elevation.Simulation.csproj", "{D15FF416-FD82-4CD2-BF42-1AFE026E30C1}"
EndProject
Project("{FAE04EC0-301F-11D3-BF4B-00C04F79EFBC}") = "EcoPause.CrashRecovery.SimulationModel", "src\EcoPause.CrashRecovery.SimulationModel\EcoPause.CrashRecovery.SimulationModel.csproj", "{75970899-C90C-4BDB-BA9C-148C703A99E0}"
EndProject
Project("{FAE04EC0-301F-11D3-BF4B-00C04F79EFBC}") = "EcoPause.CrashRecovery.Simulation", "src\EcoPause.CrashRecovery.Simulation\EcoPause.CrashRecovery.Simulation.csproj", "{C6F0FCB7-96EF-456B-8769-CB702041181A}"
EndProject
Project("{FAE04EC0-301F-11D3-BF4B-00C04F79EFBC}") = "EcoPause.Desktop.Safety", "src\EcoPause.Desktop.Safety\EcoPause.Desktop.Safety.csproj", "{CFBD15CC-26DA-4963-9F1D-A0A5A385DDDE}"
EndProject
Project("{FAE04EC0-301F-11D3-BF4B-00C04F79EFBC}") = "EcoPause.Desktop", "src\EcoPause.Desktop\EcoPause.Desktop.csproj", "{C7BED4A5-BED3-416E-B2EB-196ECD4087E4}"
EndProject
Project("{FAE04EC0-301F-11D3-BF4B-00C04F79EFBC}") = "EcoPause.LiveCanary.Model", "src\EcoPause.LiveCanary.Model\EcoPause.LiveCanary.Model.csproj", "{1A111111-1111-4111-8111-111111111116}"
EndProject
Project("{FAE04EC0-301F-11D3-BF4B-00C04F79EFBC}") = "EcoPause.Hardware.Nvidia.Control", "src\EcoPause.Hardware.Nvidia.Control\EcoPause.Hardware.Nvidia.Control.csproj", "{2B222222-2222-4222-8222-222222222216}"
EndProject
Project("{FAE04EC0-301F-11D3-BF4B-00C04F79EFBC}") = "EcoPause.ElevatedHost.LiveCanary", "src\EcoPause.ElevatedHost.LiveCanary\EcoPause.ElevatedHost.LiveCanary.csproj", "{3C333333-3333-4333-8333-333333333316}"
EndProject
Project("{FAE04EC0-301F-11D3-BF4B-00C04F79EFBC}") = "EcoPause.LiveCanary", "src\EcoPause.LiveCanary\EcoPause.LiveCanary.csproj", "{4D444444-4444-4444-8444-444444444416}"
EndProject
Project("{FAE04EC0-301F-11D3-BF4B-00C04F79EFBC}") = "EcoPause.ElevatedHost.LiveRecoveryDrill", "src\EcoPause.ElevatedHost.LiveRecoveryDrill\EcoPause.ElevatedHost.LiveRecoveryDrill.csproj", "{5E555555-5555-4555-8555-555555555517}"
EndProject
Project("{FAE04EC0-301F-11D3-BF4B-00C04F79EFBC}") = "EcoPause.LiveRecoveryDrill", "src\EcoPause.LiveRecoveryDrill\EcoPause.LiveRecoveryDrill.csproj", "{6F666666-6666-4666-8666-666666666617}"
EndProject
Project("{FAE04EC0-301F-11D3-BF4B-00C04F79EFBC}") = "AFKPowerSaver.PowerPlan", "src\AFKPowerSaver.PowerPlan\AFKPowerSaver.PowerPlan.csproj", "{23E822DC-57B0-4648-BABA-3EDDAD51D371}"
EndProject
Project("{FAE04EC0-301F-11D3-BF4B-00C04F79EFBC}") = "AFKPowerSaver.CpuCanary", "src\AFKPowerSaver.CpuCanary\AFKPowerSaver.CpuCanary.csproj", "{A6988B39-F7A3-4357-9949-1E0AC7CCD96A}"
EndProject
Project("{FAE04EC0-301F-11D3-BF4B-00C04F79EFBC}") = "AFKPowerSaver.OverlayModel", "src\AFKPowerSaver.OverlayModel\AFKPowerSaver.OverlayModel.csproj", "{614CC921-7837-467E-86EA-04DB6B1F0F42}"
EndProject
Project("{FAE04EC0-301F-11D3-BF4B-00C04F79EFBC}") = "AFKPowerSaver.OverlayCanary", "src\AFKPowerSaver.OverlayCanary\AFKPowerSaver.OverlayCanary.csproj", "{3284A697-CFFD-4146-A8E6-780FB4D155C0}"
EndProject
Project("{FAE04EC0-301F-11D3-BF4B-00C04F79EFBC}") = "AFKPowerSaver.Overlay.Windows", "src\AFKPowerSaver.Overlay.Windows\AFKPowerSaver.Overlay.Windows.csproj", "{0A691F44-CEED-4380-B33C-9236F42A54AC}"
EndProject
Project("{FAE04EC0-301F-11D3-BF4B-00C04F79EFBC}") = "EcoPause.Hardware.Amd", "src\EcoPause.Hardware.Amd\EcoPause.Hardware.Amd.csproj", "{FEF82A5B-647B-493B-9DE7-FC55811C2888}"
EndProject
Project("{FAE04EC0-301F-11D3-BF4B-00C04F79EFBC}") = "AFKPowerSaver.CpuRecovery", "src\AFKPowerSaver.CpuRecovery\AFKPowerSaver.CpuRecovery.csproj", "{0C53ADD6-C58A-43C3-A76F-2A98445588AD}"
EndProject
Project("{FAE04EC0-301F-11D3-BF4B-00C04F79EFBC}") = "EcoPause.Lifecycle.Tests", "tests\EcoPause.Lifecycle.Tests\EcoPause.Lifecycle.Tests.csproj", "{6CF58264-5151-44F5-8AC1-6A2E81BC0070}"
EndProject
Global
	GlobalSection(SolutionConfigurationPlatforms) = preSolution
		Debug|Any CPU = Debug|Any CPU
		Debug|x64 = Debug|x64
		Debug|x86 = Debug|x86
		Release|Any CPU = Release|Any CPU
		Release|x64 = Release|x64
		Release|x86 = Release|x86
	EndGlobalSection
	GlobalSection(ProjectConfigurationPlatforms) = postSolution
		{63B984D8-489E-4BDA-8398-F3ACC2C80245}.Debug|Any CPU.ActiveCfg = Debug|Any CPU
		{63B984D8-489E-4BDA-8398-F3ACC2C80245}.Debug|Any CPU.Build.0 = Debug|Any CPU
		{63B984D8-489E-4BDA-8398-F3ACC2C80245}.Debug|x64.ActiveCfg = Debug|Any CPU
		{63B984D8-489E-4BDA-8398-F3ACC2C80245}.Debug|x64.Build.0 = Debug|Any CPU
		{63B984D8-489E-4BDA-8398-F3ACC2C80245}.Debug|x86.ActiveCfg = Debug|Any CPU
		{63B984D8-489E-4BDA-8398-F3ACC2C80245}.Debug|x86.Build.0 = Debug|Any CPU
		{63B984D8-489E-4BDA-8398-F3ACC2C80245}.Release|Any CPU.ActiveCfg = Release|Any CPU
		{63B984D8-489E-4BDA-8398-F3ACC2C80245}.Release|Any CPU.Build.0 = Release|Any CPU
		{63B984D8-489E-4BDA-8398-F3ACC2C80245}.Release|x64.ActiveCfg = Release|Any CPU
		{63B984D8-489E-4BDA-8398-F3ACC2C80245}.Release|x64.Build.0 = Release|Any CPU
		{63B984D8-489E-4BDA-8398-F3ACC2C80245}.Release|x86.ActiveCfg = Release|Any CPU
		{63B984D8-489E-4BDA-8398-F3ACC2C80245}.Release|x86.Build.0 = Release|Any CPU
		{0BB92853-3F14-49C1-A464-521CC4DA8E50}.Debug|Any CPU.ActiveCfg = Debug|Any CPU
		{0BB92853-3F14-49C1-A464-521CC4DA8E50}.Debug|Any CPU.Build.0 = Debug|Any CPU
		{0BB92853-3F14-49C1-A464-521CC4DA8E50}.Debug|x64.ActiveCfg = Debug|Any CPU
		{0BB92853-3F14-49C1-A464-521CC4DA8E50}.Debug|x64.Build.0 = Debug|Any CPU
		{0BB92853-3F14-49C1-A464-521CC4DA8E50}.Debug|x86.ActiveCfg = Debug|Any CPU
		{0BB92853-3F14-49C1-A464-521CC4DA8E50}.Debug|x86.Build.0 = Debug|Any CPU
		{0BB92853-3F14-49C1-A464-521CC4DA8E50}.Release|Any CPU.ActiveCfg = Release|Any CPU
		{0BB92853-3F14-49C1-A464-521CC4DA8E50}.Release|Any CPU.Build.0 = Release|Any CPU
		{0BB92853-3F14-49C1-A464-521CC4DA8E50}.Release|x64.ActiveCfg = Release|Any CPU
		{0BB92853-3F14-49C1-A464-521CC4DA8E50}.Release|x64.Build.0 = Release|Any CPU
		{0BB92853-3F14-49C1-A464-521CC4DA8E50}.Release|x86.ActiveCfg = Release|Any CPU
		{0BB92853-3F14-49C1-A464-521CC4DA8E50}.Release|x86.Build.0 = Release|Any CPU
		{AE5C6195-E26A-4416-98B3-9AE64F42C13A}.Debug|Any CPU.ActiveCfg = Debug|Any CPU
		{AE5C6195-E26A-4416-98B3-9AE64F42C13A}.Debug|Any CPU.Build.0 = Debug|Any CPU
		{AE5C6195-E26A-4416-98B3-9AE64F42C13A}.Debug|x64.ActiveCfg = Debug|Any CPU
		{AE5C6195-E26A-4416-98B3-9AE64F42C13A}.Debug|x64.Build.0 = Debug|Any CPU
		{AE5C6195-E26A-4416-98B3-9AE64F42C13A}.Debug|x86.ActiveCfg = Debug|Any CPU
		{AE5C6195-E26A-4416-98B3-9AE64F42C13A}.Debug|x86.Build.0 = Debug|Any CPU
		{AE5C6195-E26A-4416-98B3-9AE64F42C13A}.Release|Any CPU.ActiveCfg = Release|Any CPU
		{AE5C6195-E26A-4416-98B3-9AE64F42C13A}.Release|Any CPU.Build.0 = Release|Any CPU
		{AE5C6195-E26A-4416-98B3-9AE64F42C13A}.Release|x64.ActiveCfg = Release|Any CPU
		{AE5C6195-E26A-4416-98B3-9AE64F42C13A}.Release|x64.Build.0 = Release|Any CPU
		{AE5C6195-E26A-4416-98B3-9AE64F42C13A}.Release|x86.ActiveCfg = Release|Any CPU
		{AE5C6195-E26A-4416-98B3-9AE64F42C13A}.Release|x86.Build.0 = Release|Any CPU
		{930B459A-1AFE-4252-BE30-E6ECB481FB48}.Debug|Any CPU.ActiveCfg = Debug|Any CPU
		{930B459A-1AFE-4252-BE30-E6ECB481FB48}.Debug|Any CPU.Build.0 = Debug|Any CPU
		{930B459A-1AFE-4252-BE30-E6ECB481FB48}.Debug|x64.ActiveCfg = Debug|Any CPU
		{930B459A-1AFE-4252-BE30-E6ECB481FB48}.Debug|x64.Build.0 = Debug|Any CPU
		{930B459A-1AFE-4252-BE30-E6ECB481FB48}.Debug|x86.ActiveCfg = Debug|Any CPU
		{930B459A-1AFE-4252-BE30-E6ECB481FB48}.Debug|x86.Build.0 = Debug|Any CPU
		{930B459A-1AFE-4252-BE30-E6ECB481FB48}.Release|Any CPU.ActiveCfg = Release|Any CPU
		{930B459A-1AFE-4252-BE30-E6ECB481FB48}.Release|Any CPU.Build.0 = Release|Any CPU
		{930B459A-1AFE-4252-BE30-E6ECB481FB48}.Release|x64.ActiveCfg = Release|Any CPU
		{930B459A-1AFE-4252-BE30-E6ECB481FB48}.Release|x64.Build.0 = Release|Any CPU
		{930B459A-1AFE-4252-BE30-E6ECB481FB48}.Release|x86.ActiveCfg = Release|Any CPU
		{930B459A-1AFE-4252-BE30-E6ECB481FB48}.Release|x86.Build.0 = Release|Any CPU
		{4CC74264-524C-4DE7-8A85-EACB72F0D176}.Debug|Any CPU.ActiveCfg = Debug|Any CPU
		{4CC74264-524C-4DE7-8A85-EACB72F0D176}.Debug|Any CPU.Build.0 = Debug|Any CPU
		{4CC74264-524C-4DE7-8A85-EACB72F0D176}.Debug|x64.ActiveCfg = Debug|Any CPU
		{4CC74264-524C-4DE7-8A85-EACB72F0D176}.Debug|x64.Build.0 = Debug|Any CPU
		{4CC74264-524C-4DE7-8A85-EACB72F0D176}.Debug|x86.ActiveCfg = Debug|Any CPU
		{4CC74264-524C-4DE7-8A85-EACB72F0D176}.Debug|x86.Build.0 = Debug|Any CPU
		{4CC74264-524C-4DE7-8A85-EACB72F0D176}.Release|Any CPU.ActiveCfg = Release|Any CPU
		{4CC74264-524C-4DE7-8A85-EACB72F0D176}.Release|Any CPU.Build.0 = Release|Any CPU
		{4CC74264-524C-4DE7-8A85-EACB72F0D176}.Release|x64.ActiveCfg = Release|Any CPU
		{4CC74264-524C-4DE7-8A85-EACB72F0D176}.Release|x64.Build.0 = Release|Any CPU
		{4CC74264-524C-4DE7-8A85-EACB72F0D176}.Release|x86.ActiveCfg = Release|Any CPU
		{4CC74264-524C-4DE7-8A85-EACB72F0D176}.Release|x86.Build.0 = Release|Any CPU
		{EFB2C78B-88D9-4F19-A240-CFDFE32C9ADA}.Debug|Any CPU.ActiveCfg = Debug|Any CPU
		{EFB2C78B-88D9-4F19-A240-CFDFE32C9ADA}.Debug|Any CPU.Build.0 = Debug|Any CPU
		{EFB2C78B-88D9-4F19-A240-CFDFE32C9ADA}.Debug|x64.ActiveCfg = Debug|Any CPU
		{EFB2C78B-88D9-4F19-A240-CFDFE32C9ADA}.Debug|x64.Build.0 = Debug|Any CPU
		{EFB2C78B-88D9-4F19-A240-CFDFE32C9ADA}.Debug|x86.ActiveCfg = Debug|Any CPU
		{EFB2C78B-88D9-4F19-A240-CFDFE32C9ADA}.Debug|x86.Build.0 = Debug|Any CPU
		{EFB2C78B-88D9-4F19-A240-CFDFE32C9ADA}.Release|Any CPU.ActiveCfg = Release|Any CPU
		{EFB2C78B-88D9-4F19-A240-CFDFE32C9ADA}.Release|Any CPU.Build.0 = Release|Any CPU
		{EFB2C78B-88D9-4F19-A240-CFDFE32C9ADA}.Release|x64.ActiveCfg = Release|Any CPU
		{EFB2C78B-88D9-4F19-A240-CFDFE32C9ADA}.Release|x64.Build.0 = Release|Any CPU
		{EFB2C78B-88D9-4F19-A240-CFDFE32C9ADA}.Release|x86.ActiveCfg = Release|Any CPU
		{EFB2C78B-88D9-4F19-A240-CFDFE32C9ADA}.Release|x86.Build.0 = Release|Any CPU
		{7942D0C4-B0E4-4C8F-9B2E-E7FBA28529F0}.Debug|Any CPU.ActiveCfg = Debug|Any CPU
		{7942D0C4-B0E4-4C8F-9B2E-E7FBA28529F0}.Debug|Any CPU.Build.0 = Debug|Any CPU
		{7942D0C4-B0E4-4C8F-9B2E-E7FBA28529F0}.Debug|x64.ActiveCfg = Debug|Any CPU
		{7942D0C4-B0E4-4C8F-9B2E-E7FBA28529F0}.Debug|x64.Build.0 = Debug|Any CPU
		{7942D0C4-B0E4-4C8F-9B2E-E7FBA28529F0}.Debug|x86.ActiveCfg = Debug|Any CPU
		{7942D0C4-B0E4-4C8F-9B2E-E7FBA28529F0}.Debug|x86.Build.0 = Debug|Any CPU
		{7942D0C4-B0E4-4C8F-9B2E-E7FBA28529F0}.Release|Any CPU.ActiveCfg = Release|Any CPU
		{7942D0C4-B0E4-4C8F-9B2E-E7FBA28529F0}.Release|Any CPU.Build.0 = Release|Any CPU
		{7942D0C4-B0E4-4C8F-9B2E-E7FBA28529F0}.Release|x64.ActiveCfg = Release|Any CPU
		{7942D0C4-B0E4-4C8F-9B2E-E7FBA28529F0}.Release|x64.Build.0 = Release|Any CPU
		{7942D0C4-B0E4-4C8F-9B2E-E7FBA28529F0}.Release|x86.ActiveCfg = Release|Any CPU
		{7942D0C4-B0E4-4C8F-9B2E-E7FBA28529F0}.Release|x86.Build.0 = Release|Any CPU
		{1373FC4D-27D7-4C88-AD1D-2A72304095CE}.Debug|Any CPU.ActiveCfg = Debug|Any CPU
		{1373FC4D-27D7-4C88-AD1D-2A72304095CE}.Debug|Any CPU.Build.0 = Debug|Any CPU
		{1373FC4D-27D7-4C88-AD1D-2A72304095CE}.Debug|x64.ActiveCfg = Debug|Any CPU
		{1373FC4D-27D7-4C88-AD1D-2A72304095CE}.Debug|x64.Build.0 = Debug|Any CPU
		{1373FC4D-27D7-4C88-AD1D-2A72304095CE}.Debug|x86.ActiveCfg = Debug|Any CPU
		{1373FC4D-27D7-4C88-AD1D-2A72304095CE}.Debug|x86.Build.0 = Debug|Any CPU
		{1373FC4D-27D7-4C88-AD1D-2A72304095CE}.Release|Any CPU.ActiveCfg = Release|Any CPU
		{1373FC4D-27D7-4C88-AD1D-2A72304095CE}.Release|Any CPU.Build.0 = Release|Any CPU
		{1373FC4D-27D7-4C88-AD1D-2A72304095CE}.Release|x64.ActiveCfg = Release|Any CPU
		{1373FC4D-27D7-4C88-AD1D-2A72304095CE}.Release|x64.Build.0 = Release|Any CPU
		{1373FC4D-27D7-4C88-AD1D-2A72304095CE}.Release|x86.ActiveCfg = Release|Any CPU
		{1373FC4D-27D7-4C88-AD1D-2A72304095CE}.Release|x86.Build.0 = Release|Any CPU
		{37ABEE85-D03D-417D-AAC8-9D8E39F22066}.Debug|Any CPU.ActiveCfg = Debug|Any CPU
		{37ABEE85-D03D-417D-AAC8-9D8E39F22066}.Debug|Any CPU.Build.0 = Debug|Any CPU
		{37ABEE85-D03D-417D-AAC8-9D8E39F22066}.Debug|x64.ActiveCfg = Debug|Any CPU
		{37ABEE85-D03D-417D-AAC8-9D8E39F22066}.Debug|x64.Build.0 = Debug|Any CPU
		{37ABEE85-D03D-417D-AAC8-9D8E39F22066}.Debug|x86.ActiveCfg = Debug|Any CPU
		{37ABEE85-D03D-417D-AAC8-9D8E39F22066}.Debug|x86.Build.0 = Debug|Any CPU
		{37ABEE85-D03D-417D-AAC8-9D8E39F22066}.Release|Any CPU.ActiveCfg = Release|Any CPU
		{37ABEE85-D03D-417D-AAC8-9D8E39F22066}.Release|Any CPU.Build.0 = Release|Any CPU
		{37ABEE85-D03D-417D-AAC8-9D8E39F22066}.Release|x64.ActiveCfg = Release|Any CPU
		{37ABEE85-D03D-417D-AAC8-9D8E39F22066}.Release|x64.Build.0 = Release|Any CPU
		{37ABEE85-D03D-417D-AAC8-9D8E39F22066}.Release|x86.ActiveCfg = Release|Any CPU
		{37ABEE85-D03D-417D-AAC8-9D8E39F22066}.Release|x86.Build.0 = Release|Any CPU
		{E2BC2E69-9270-42B9-B23A-19647718428D}.Debug|Any CPU.ActiveCfg = Debug|Any CPU
		{E2BC2E69-9270-42B9-B23A-19647718428D}.Debug|Any CPU.Build.0 = Debug|Any CPU
		{E2BC2E69-9270-42B9-B23A-19647718428D}.Debug|x64.ActiveCfg = Debug|Any CPU
		{E2BC2E69-9270-42B9-B23A-19647718428D}.Debug|x64.Build.0 = Debug|Any CPU
		{E2BC2E69-9270-42B9-B23A-19647718428D}.Debug|x86.ActiveCfg = Debug|Any CPU
		{E2BC2E69-9270-42B9-B23A-19647718428D}.Debug|x86.Build.0 = Debug|Any CPU
		{E2BC2E69-9270-42B9-B23A-19647718428D}.Release|Any CPU.ActiveCfg = Release|Any CPU
		{E2BC2E69-9270-42B9-B23A-19647718428D}.Release|Any CPU.Build.0 = Release|Any CPU
		{E2BC2E69-9270-42B9-B23A-19647718428D}.Release|x64.ActiveCfg = Release|Any CPU
		{E2BC2E69-9270-42B9-B23A-19647718428D}.Release|x64.Build.0 = Release|Any CPU
		{E2BC2E69-9270-42B9-B23A-19647718428D}.Release|x86.ActiveCfg = Release|Any CPU
		{E2BC2E69-9270-42B9-B23A-19647718428D}.Release|x86.Build.0 = Release|Any CPU
		{7BC266CB-2C3C-4473-816C-418159C8428B}.Debug|Any CPU.ActiveCfg = Debug|Any CPU
		{7BC266CB-2C3C-4473-816C-418159C8428B}.Debug|Any CPU.Build.0 = Debug|Any CPU
		{7BC266CB-2C3C-4473-816C-418159C8428B}.Debug|x64.ActiveCfg = Debug|Any CPU
		{7BC266CB-2C3C-4473-816C-418159C8428B}.Debug|x64.Build.0 = Debug|Any CPU
		{7BC266CB-2C3C-4473-816C-418159C8428B}.Debug|x86.ActiveCfg = Debug|Any CPU
		{7BC266CB-2C3C-4473-816C-418159C8428B}.Debug|x86.Build.0 = Debug|Any CPU
		{7BC266CB-2C3C-4473-816C-418159C8428B}.Release|Any CPU.ActiveCfg = Release|Any CPU
		{7BC266CB-2C3C-4473-816C-418159C8428B}.Release|Any CPU.Build.0 = Release|Any CPU
		{7BC266CB-2C3C-4473-816C-418159C8428B}.Release|x64.ActiveCfg = Release|Any CPU
		{7BC266CB-2C3C-4473-816C-418159C8428B}.Release|x64.Build.0 = Release|Any CPU
		{7BC266CB-2C3C-4473-816C-418159C8428B}.Release|x86.ActiveCfg = Release|Any CPU
		{7BC266CB-2C3C-4473-816C-418159C8428B}.Release|x86.Build.0 = Release|Any CPU
		{D15FF416-FD82-4CD2-BF42-1AFE026E30C1}.Debug|Any CPU.ActiveCfg = Debug|Any CPU
		{D15FF416-FD82-4CD2-BF42-1AFE026E30C1}.Debug|Any CPU.Build.0 = Debug|Any CPU
		{D15FF416-FD82-4CD2-BF42-1AFE026E30C1}.Debug|x64.ActiveCfg = Debug|Any CPU
		{D15FF416-FD82-4CD2-BF42-1AFE026E30C1}.Debug|x64.Build.0 = Debug|Any CPU
		{D15FF416-FD82-4CD2-BF42-1AFE026E30C1}.Debug|x86.ActiveCfg = Debug|Any CPU
		{D15FF416-FD82-4CD2-BF42-1AFE026E30C1}.Debug|x86.Build.0 = Debug|Any CPU
		{D15FF416-FD82-4CD2-BF42-1AFE026E30C1}.Release|Any CPU.ActiveCfg = Release|Any CPU
		{D15FF416-FD82-4CD2-BF42-1AFE026E30C1}.Release|Any CPU.Build.0 = Release|Any CPU
		{D15FF416-FD82-4CD2-BF42-1AFE026E30C1}.Release|x64.ActiveCfg = Release|Any CPU
		{D15FF416-FD82-4CD2-BF42-1AFE026E30C1}.Release|x64.Build.0 = Release|Any CPU
		{D15FF416-FD82-4CD2-BF42-1AFE026E30C1}.Release|x86.ActiveCfg = Release|Any CPU
		{D15FF416-FD82-4CD2-BF42-1AFE026E30C1}.Release|x86.Build.0 = Release|Any CPU
		{75970899-C90C-4BDB-BA9C-148C703A99E0}.Debug|Any CPU.ActiveCfg = Debug|Any CPU
		{75970899-C90C-4BDB-BA9C-148C703A99E0}.Debug|Any CPU.Build.0 = Debug|Any CPU
		{75970899-C90C-4BDB-BA9C-148C703A99E0}.Debug|x64.ActiveCfg = Debug|Any CPU
		{75970899-C90C-4BDB-BA9C-148C703A99E0}.Debug|x64.Build.0 = Debug|Any CPU
		{75970899-C90C-4BDB-BA9C-148C703A99E0}.Debug|x86.ActiveCfg = Debug|Any CPU
		{75970899-C90C-4BDB-BA9C-148C703A99E0}.Debug|x86.Build.0 = Debug|Any CPU
		{75970899-C90C-4BDB-BA9C-148C703A99E0}.Release|Any CPU.ActiveCfg = Release|Any CPU
		{75970899-C90C-4BDB-BA9C-148C703A99E0}.Release|Any CPU.Build.0 = Release|Any CPU
		{75970899-C90C-4BDB-BA9C-148C703A99E0}.Release|x64.ActiveCfg = Release|Any CPU
		{75970899-C90C-4BDB-BA9C-148C703A99E0}.Release|x64.Build.0 = Release|Any CPU
		{75970899-C90C-4BDB-BA9C-148C703A99E0}.Release|x86.ActiveCfg = Release|Any CPU
		{75970899-C90C-4BDB-BA9C-148C703A99E0}.Release|x86.Build.0 = Release|Any CPU
		{C6F0FCB7-96EF-456B-8769-CB702041181A}.Debug|Any CPU.ActiveCfg = Debug|Any CPU
		{C6F0FCB7-96EF-456B-8769-CB702041181A}.Debug|Any CPU.Build.0 = Debug|Any CPU
		{C6F0FCB7-96EF-456B-8769-CB702041181A}.Debug|x64.ActiveCfg = Debug|Any CPU
		{C6F0FCB7-96EF-456B-8769-CB702041181A}.Debug|x64.Build.0 = Debug|Any CPU
		{C6F0FCB7-96EF-456B-8769-CB702041181A}.Debug|x86.ActiveCfg = Debug|Any CPU
		{C6F0FCB7-96EF-456B-8769-CB702041181A}.Debug|x86.Build.0 = Debug|Any CPU
		{C6F0FCB7-96EF-456B-8769-CB702041181A}.Release|Any CPU.ActiveCfg = Release|Any CPU
		{C6F0FCB7-96EF-456B-8769-CB702041181A}.Release|Any CPU.Build.0 = Release|Any CPU
		{C6F0FCB7-96EF-456B-8769-CB702041181A}.Release|x64.ActiveCfg = Release|Any CPU
		{C6F0FCB7-96EF-456B-8769-CB702041181A}.Release|x64.Build.0 = Release|Any CPU
		{C6F0FCB7-96EF-456B-8769-CB702041181A}.Release|x86.ActiveCfg = Release|Any CPU
		{C6F0FCB7-96EF-456B-8769-CB702041181A}.Release|x86.Build.0 = Release|Any CPU
		{CFBD15CC-26DA-4963-9F1D-A0A5A385DDDE}.Debug|Any CPU.ActiveCfg = Debug|Any CPU
		{CFBD15CC-26DA-4963-9F1D-A0A5A385DDDE}.Debug|Any CPU.Build.0 = Debug|Any CPU
		{CFBD15CC-26DA-4963-9F1D-A0A5A385DDDE}.Debug|x64.ActiveCfg = Debug|Any CPU
		{CFBD15CC-26DA-4963-9F1D-A0A5A385DDDE}.Debug|x64.Build.0 = Debug|Any CPU
		{CFBD15CC-26DA-4963-9F1D-A0A5A385DDDE}.Debug|x86.ActiveCfg = Debug|Any CPU
		{CFBD15CC-26DA-4963-9F1D-A0A5A385DDDE}.Debug|x86.Build.0 = Debug|Any CPU
		{CFBD15CC-26DA-4963-9F1D-A0A5A385DDDE}.Release|Any CPU.ActiveCfg = Release|Any CPU
		{CFBD15CC-26DA-4963-9F1D-A0A5A385DDDE}.Release|Any CPU.Build.0 = Release|Any CPU
		{CFBD15CC-26DA-4963-9F1D-A0A5A385DDDE}.Release|x64.ActiveCfg = Release|Any CPU
		{CFBD15CC-26DA-4963-9F1D-A0A5A385DDDE}.Release|x64.Build.0 = Release|Any CPU
		{CFBD15CC-26DA-4963-9F1D-A0A5A385DDDE}.Release|x86.ActiveCfg = Release|Any CPU
		{CFBD15CC-26DA-4963-9F1D-A0A5A385DDDE}.Release|x86.Build.0 = Release|Any CPU
		{C7BED4A5-BED3-416E-B2EB-196ECD4087E4}.Debug|Any CPU.ActiveCfg = Debug|Any CPU
		{C7BED4A5-BED3-416E-B2EB-196ECD4087E4}.Debug|Any CPU.Build.0 = Debug|Any CPU
		{C7BED4A5-BED3-416E-B2EB-196ECD4087E4}.Debug|x64.ActiveCfg = Debug|Any CPU
		{C7BED4A5-BED3-416E-B2EB-196ECD4087E4}.Debug|x64.Build.0 = Debug|Any CPU
		{C7BED4A5-BED3-416E-B2EB-196ECD4087E4}.Debug|x86.ActiveCfg = Debug|Any CPU
		{C7BED4A5-BED3-416E-B2EB-196ECD4087E4}.Debug|x86.Build.0 = Debug|Any CPU
		{C7BED4A5-BED3-416E-B2EB-196ECD4087E4}.Release|Any CPU.ActiveCfg = Release|Any CPU
		{C7BED4A5-BED3-416E-B2EB-196ECD4087E4}.Release|Any CPU.Build.0 = Release|Any CPU
		{C7BED4A5-BED3-416E-B2EB-196ECD4087E4}.Release|x64.ActiveCfg = Release|Any CPU
		{C7BED4A5-BED3-416E-B2EB-196ECD4087E4}.Release|x64.Build.0 = Release|Any CPU
		{C7BED4A5-BED3-416E-B2EB-196ECD4087E4}.Release|x86.ActiveCfg = Release|Any CPU
		{C7BED4A5-BED3-416E-B2EB-196ECD4087E4}.Release|x86.Build.0 = Release|Any CPU
		{1A111111-1111-4111-8111-111111111116}.Debug|Any CPU.ActiveCfg = Debug|Any CPU
		{1A111111-1111-4111-8111-111111111116}.Debug|Any CPU.Build.0 = Debug|Any CPU
		{1A111111-1111-4111-8111-111111111116}.Debug|x64.ActiveCfg = Debug|Any CPU
		{1A111111-1111-4111-8111-111111111116}.Debug|x64.Build.0 = Debug|Any CPU
		{1A111111-1111-4111-8111-111111111116}.Debug|x86.ActiveCfg = Debug|Any CPU
		{1A111111-1111-4111-8111-111111111116}.Debug|x86.Build.0 = Debug|Any CPU
		{1A111111-1111-4111-8111-111111111116}.Release|Any CPU.ActiveCfg = Release|Any CPU
		{1A111111-1111-4111-8111-111111111116}.Release|Any CPU.Build.0 = Release|Any CPU
		{1A111111-1111-4111-8111-111111111116}.Release|x64.ActiveCfg = Release|Any CPU
		{1A111111-1111-4111-8111-111111111116}.Release|x64.Build.0 = Release|Any CPU
		{1A111111-1111-4111-8111-111111111116}.Release|x86.ActiveCfg = Release|Any CPU
		{1A111111-1111-4111-8111-111111111116}.Release|x86.Build.0 = Release|Any CPU
		{2B222222-2222-4222-8222-222222222216}.Debug|Any CPU.ActiveCfg = Debug|Any CPU
		{2B222222-2222-4222-8222-222222222216}.Debug|Any CPU.Build.0 = Debug|Any CPU
		{2B222222-2222-4222-8222-222222222216}.Debug|x64.ActiveCfg = Debug|Any CPU
		{2B222222-2222-4222-8222-222222222216}.Debug|x64.Build.0 = Debug|Any CPU
		{2B222222-2222-4222-8222-222222222216}.Debug|x86.ActiveCfg = Debug|Any CPU
		{2B222222-2222-4222-8222-222222222216}.Debug|x86.Build.0 = Debug|Any CPU
		{2B222222-2222-4222-8222-222222222216}.Release|Any CPU.ActiveCfg = Release|Any CPU
		{2B222222-2222-4222-8222-222222222216}.Release|Any CPU.Build.0 = Release|Any CPU
		{2B222222-2222-4222-8222-222222222216}.Release|x64.ActiveCfg = Release|Any CPU
		{2B222222-2222-4222-8222-222222222216}.Release|x64.Build.0 = Release|Any CPU
		{2B222222-2222-4222-8222-222222222216}.Release|x86.ActiveCfg = Release|Any CPU
		{2B222222-2222-4222-8222-222222222216}.Release|x86.Build.0 = Release|Any CPU
		{3C333333-3333-4333-8333-333333333316}.Debug|Any CPU.ActiveCfg = Debug|Any CPU
		{3C333333-3333-4333-8333-333333333316}.Debug|Any CPU.Build.0 = Debug|Any CPU
		{3C333333-3333-4333-8333-333333333316}.Debug|x64.ActiveCfg = Debug|Any CPU
		{3C333333-3333-4333-8333-333333333316}.Debug|x64.Build.0 = Debug|Any CPU
		{3C333333-3333-4333-8333-333333333316}.Debug|x86.ActiveCfg = Debug|Any CPU
		{3C333333-3333-4333-8333-333333333316}.Debug|x86.Build.0 = Debug|Any CPU
		{3C333333-3333-4333-8333-333333333316}.Release|Any CPU.ActiveCfg = Release|Any CPU
		{3C333333-3333-4333-8333-333333333316}.Release|Any CPU.Build.0 = Release|Any CPU
		{3C333333-3333-4333-8333-333333333316}.Release|x64.ActiveCfg = Release|Any CPU
		{3C333333-3333-4333-8333-333333333316}.Release|x64.Build.0 = Release|Any CPU
		{3C333333-3333-4333-8333-333333333316}.Release|x86.ActiveCfg = Release|Any CPU
		{3C333333-3333-4333-8333-333333333316}.Release|x86.Build.0 = Release|Any CPU
		{4D444444-4444-4444-8444-444444444416}.Debug|Any CPU.ActiveCfg = Debug|Any CPU
		{4D444444-4444-4444-8444-444444444416}.Debug|Any CPU.Build.0 = Debug|Any CPU
		{4D444444-4444-4444-8444-444444444416}.Debug|x64.ActiveCfg = Debug|Any CPU
		{4D444444-4444-4444-8444-444444444416}.Debug|x64.Build.0 = Debug|Any CPU
		{4D444444-4444-4444-8444-444444444416}.Debug|x86.ActiveCfg = Debug|Any CPU
		{4D444444-4444-4444-8444-444444444416}.Debug|x86.Build.0 = Debug|Any CPU
		{4D444444-4444-4444-8444-444444444416}.Release|Any CPU.ActiveCfg = Release|Any CPU
		{4D444444-4444-4444-8444-444444444416}.Release|Any CPU.Build.0 = Release|Any CPU
		{4D444444-4444-4444-8444-444444444416}.Release|x64.ActiveCfg = Release|Any CPU
		{4D444444-4444-4444-8444-444444444416}.Release|x64.Build.0 = Release|Any CPU
		{4D444444-4444-4444-8444-444444444416}.Release|x86.ActiveCfg = Release|Any CPU
		{4D444444-4444-4444-8444-444444444416}.Release|x86.Build.0 = Release|Any CPU
		{5E555555-5555-4555-8555-555555555517}.Debug|Any CPU.ActiveCfg = Debug|Any CPU
		{5E555555-5555-4555-8555-555555555517}.Debug|Any CPU.Build.0 = Debug|Any CPU
		{5E555555-5555-4555-8555-555555555517}.Debug|x64.ActiveCfg = Debug|Any CPU
		{5E555555-5555-4555-8555-555555555517}.Debug|x64.Build.0 = Debug|Any CPU
		{5E555555-5555-4555-8555-555555555517}.Debug|x86.ActiveCfg = Debug|Any CPU
		{5E555555-5555-4555-8555-555555555517}.Debug|x86.Build.0 = Debug|Any CPU
		{5E555555-5555-4555-8555-555555555517}.Release|Any CPU.ActiveCfg = Release|Any CPU
		{5E555555-5555-4555-8555-555555555517}.Release|Any CPU.Build.0 = Release|Any CPU
		{5E555555-5555-4555-8555-555555555517}.Release|x64.ActiveCfg = Release|Any CPU
		{5E555555-5555-4555-8555-555555555517}.Release|x64.Build.0 = Release|Any CPU
		{5E555555-5555-4555-8555-555555555517}.Release|x86.ActiveCfg = Release|Any CPU
		{5E555555-5555-4555-8555-555555555517}.Release|x86.Build.0 = Release|Any CPU
		{6F666666-6666-4666-8666-666666666617}.Debug|Any CPU.ActiveCfg = Debug|Any CPU
		{6F666666-6666-4666-8666-666666666617}.Debug|Any CPU.Build.0 = Debug|Any CPU
		{6F666666-6666-4666-8666-666666666617}.Debug|x64.ActiveCfg = Debug|Any CPU
		{6F666666-6666-4666-8666-666666666617}.Debug|x64.Build.0 = Debug|Any CPU
		{6F666666-6666-4666-8666-666666666617}.Debug|x86.ActiveCfg = Debug|Any CPU
		{6F666666-6666-4666-8666-666666666617}.Debug|x86.Build.0 = Debug|Any CPU
		{6F666666-6666-4666-8666-666666666617}.Release|Any CPU.ActiveCfg = Release|Any CPU
		{6F666666-6666-4666-8666-666666666617}.Release|Any CPU.Build.0 = Release|Any CPU
		{6F666666-6666-4666-8666-666666666617}.Release|x64.ActiveCfg = Release|Any CPU
		{6F666666-6666-4666-8666-666666666617}.Release|x64.Build.0 = Release|Any CPU
		{6F666666-6666-4666-8666-666666666617}.Release|x86.ActiveCfg = Release|Any CPU
		{6F666666-6666-4666-8666-666666666617}.Release|x86.Build.0 = Release|Any CPU
		{23E822DC-57B0-4648-BABA-3EDDAD51D371}.Debug|Any CPU.ActiveCfg = Debug|Any CPU
		{23E822DC-57B0-4648-BABA-3EDDAD51D371}.Debug|Any CPU.Build.0 = Debug|Any CPU
		{23E822DC-57B0-4648-BABA-3EDDAD51D371}.Debug|x64.ActiveCfg = Debug|Any CPU
		{23E822DC-57B0-4648-BABA-3EDDAD51D371}.Debug|x64.Build.0 = Debug|Any CPU
		{23E822DC-57B0-4648-BABA-3EDDAD51D371}.Debug|x86.ActiveCfg = Debug|Any CPU
		{23E822DC-57B0-4648-BABA-3EDDAD51D371}.Debug|x86.Build.0 = Debug|Any CPU
		{23E822DC-57B0-4648-BABA-3EDDAD51D371}.Release|Any CPU.ActiveCfg = Release|Any CPU
		{23E822DC-57B0-4648-BABA-3EDDAD51D371}.Release|Any CPU.Build.0 = Release|Any CPU
		{23E822DC-57B0-4648-BABA-3EDDAD51D371}.Release|x64.ActiveCfg = Release|Any CPU
		{23E822DC-57B0-4648-BABA-3EDDAD51D371}.Release|x64.Build.0 = Release|Any CPU
		{23E822DC-57B0-4648-BABA-3EDDAD51D371}.Release|x86.ActiveCfg = Release|Any CPU
		{23E822DC-57B0-4648-BABA-3EDDAD51D371}.Release|x86.Build.0 = Release|Any CPU
		{A6988B39-F7A3-4357-9949-1E0AC7CCD96A}.Debug|Any CPU.ActiveCfg = Debug|Any CPU
		{A6988B39-F7A3-4357-9949-1E0AC7CCD96A}.Debug|Any CPU.Build.0 = Debug|Any CPU
		{A6988B39-F7A3-4357-9949-1E0AC7CCD96A}.Debug|x64.ActiveCfg = Debug|Any CPU
		{A6988B39-F7A3-4357-9949-1E0AC7CCD96A}.Debug|x64.Build.0 = Debug|Any CPU
		{A6988B39-F7A3-4357-9949-1E0AC7CCD96A}.Debug|x86.ActiveCfg = Debug|Any CPU
		{A6988B39-F7A3-4357-9949-1E0AC7CCD96A}.Debug|x86.Build.0 = Debug|Any CPU
		{A6988B39-F7A3-4357-9949-1E0AC7CCD96A}.Release|Any CPU.ActiveCfg = Release|Any CPU
		{A6988B39-F7A3-4357-9949-1E0AC7CCD96A}.Release|Any CPU.Build.0 = Release|Any CPU
		{A6988B39-F7A3-4357-9949-1E0AC7CCD96A}.Release|x64.ActiveCfg = Release|Any CPU
		{A6988B39-F7A3-4357-9949-1E0AC7CCD96A}.Release|x64.Build.0 = Release|Any CPU
		{A6988B39-F7A3-4357-9949-1E0AC7CCD96A}.Release|x86.ActiveCfg = Release|Any CPU
		{A6988B39-F7A3-4357-9949-1E0AC7CCD96A}.Release|x86.Build.0 = Release|Any CPU
		{614CC921-7837-467E-86EA-04DB6B1F0F42}.Debug|Any CPU.ActiveCfg = Debug|Any CPU
		{614CC921-7837-467E-86EA-04DB6B1F0F42}.Debug|Any CPU.Build.0 = Debug|Any CPU
		{614CC921-7837-467E-86EA-04DB6B1F0F42}.Debug|x64.ActiveCfg = Debug|Any CPU
		{614CC921-7837-467E-86EA-04DB6B1F0F42}.Debug|x64.Build.0 = Debug|Any CPU
		{614CC921-7837-467E-86EA-04DB6B1F0F42}.Debug|x86.ActiveCfg = Debug|Any CPU
		{614CC921-7837-467E-86EA-04DB6B1F0F42}.Debug|x86.Build.0 = Debug|Any CPU
		{614CC921-7837-467E-86EA-04DB6B1F0F42}.Release|Any CPU.ActiveCfg = Release|Any CPU
		{614CC921-7837-467E-86EA-04DB6B1F0F42}.Release|Any CPU.Build.0 = Release|Any CPU
		{614CC921-7837-467E-86EA-04DB6B1F0F42}.Release|x64.ActiveCfg = Release|Any CPU
		{614CC921-7837-467E-86EA-04DB6B1F0F42}.Release|x64.Build.0 = Release|Any CPU
		{614CC921-7837-467E-86EA-04DB6B1F0F42}.Release|x86.ActiveCfg = Release|Any CPU
		{614CC921-7837-467E-86EA-04DB6B1F0F42}.Release|x86.Build.0 = Release|Any CPU
		{3284A697-CFFD-4146-A8E6-780FB4D155C0}.Debug|Any CPU.ActiveCfg = Debug|Any CPU
		{3284A697-CFFD-4146-A8E6-780FB4D155C0}.Debug|Any CPU.Build.0 = Debug|Any CPU
		{3284A697-CFFD-4146-A8E6-780FB4D155C0}.Debug|x64.ActiveCfg = Debug|Any CPU
		{3284A697-CFFD-4146-A8E6-780FB4D155C0}.Debug|x64.Build.0 = Debug|Any CPU
		{3284A697-CFFD-4146-A8E6-780FB4D155C0}.Debug|x86.ActiveCfg = Debug|Any CPU
		{3284A697-CFFD-4146-A8E6-780FB4D155C0}.Debug|x86.Build.0 = Debug|Any CPU
		{3284A697-CFFD-4146-A8E6-780FB4D155C0}.Release|Any CPU.ActiveCfg = Release|Any CPU
		{3284A697-CFFD-4146-A8E6-780FB4D155C0}.Release|Any CPU.Build.0 = Release|Any CPU
		{3284A697-CFFD-4146-A8E6-780FB4D155C0}.Release|x64.ActiveCfg = Release|Any CPU
		{3284A697-CFFD-4146-A8E6-780FB4D155C0}.Release|x64.Build.0 = Release|Any CPU
		{3284A697-CFFD-4146-A8E6-780FB4D155C0}.Release|x86.ActiveCfg = Release|Any CPU
		{3284A697-CFFD-4146-A8E6-780FB4D155C0}.Release|x86.Build.0 = Release|Any CPU
		{0A691F44-CEED-4380-B33C-9236F42A54AC}.Debug|Any CPU.ActiveCfg = Debug|Any CPU
		{0A691F44-CEED-4380-B33C-9236F42A54AC}.Debug|Any CPU.Build.0 = Debug|Any CPU
		{0A691F44-CEED-4380-B33C-9236F42A54AC}.Debug|x64.ActiveCfg = Debug|Any CPU
		{0A691F44-CEED-4380-B33C-9236F42A54AC}.Debug|x64.Build.0 = Debug|Any CPU
		{0A691F44-CEED-4380-B33C-9236F42A54AC}.Debug|x86.ActiveCfg = Debug|Any CPU
		{0A691F44-CEED-4380-B33C-9236F42A54AC}.Debug|x86.Build.0 = Debug|Any CPU
		{0A691F44-CEED-4380-B33C-9236F42A54AC}.Release|Any CPU.ActiveCfg = Release|Any CPU
		{0A691F44-CEED-4380-B33C-9236F42A54AC}.Release|Any CPU.Build.0 = Release|Any CPU
		{0A691F44-CEED-4380-B33C-9236F42A54AC}.Release|x64.ActiveCfg = Release|Any CPU
		{0A691F44-CEED-4380-B33C-9236F42A54AC}.Release|x64.Build.0 = Release|Any CPU
		{0A691F44-CEED-4380-B33C-9236F42A54AC}.Release|x86.ActiveCfg = Release|Any CPU
		{0A691F44-CEED-4380-B33C-9236F42A54AC}.Release|x86.Build.0 = Release|Any CPU
		{FEF82A5B-647B-493B-9DE7-FC55811C2888}.Debug|Any CPU.ActiveCfg = Debug|Any CPU
		{FEF82A5B-647B-493B-9DE7-FC55811C2888}.Debug|Any CPU.Build.0 = Debug|Any CPU
		{FEF82A5B-647B-493B-9DE7-FC55811C2888}.Debug|x64.ActiveCfg = Debug|Any CPU
		{FEF82A5B-647B-493B-9DE7-FC55811C2888}.Debug|x64.Build.0 = Debug|Any CPU
		{FEF82A5B-647B-493B-9DE7-FC55811C2888}.Debug|x86.ActiveCfg = Debug|Any CPU
		{FEF82A5B-647B-493B-9DE7-FC55811C2888}.Debug|x86.Build.0 = Debug|Any CPU
		{FEF82A5B-647B-493B-9DE7-FC55811C2888}.Release|Any CPU.ActiveCfg = Release|Any CPU
		{FEF82A5B-647B-493B-9DE7-FC55811C2888}.Release|Any CPU.Build.0 = Release|Any CPU
		{FEF82A5B-647B-493B-9DE7-FC55811C2888}.Release|x64.ActiveCfg = Release|Any CPU
		{FEF82A5B-647B-493B-9DE7-FC55811C2888}.Release|x64.Build.0 = Release|Any CPU
		{FEF82A5B-647B-493B-9DE7-FC55811C2888}.Release|x86.ActiveCfg = Release|Any CPU
		{FEF82A5B-647B-493B-9DE7-FC55811C2888}.Release|x86.Build.0 = Release|Any CPU
		{0C53ADD6-C58A-43C3-A76F-2A98445588AD}.Debug|Any CPU.ActiveCfg = Debug|Any CPU
		{0C53ADD6-C58A-43C3-A76F-2A98445588AD}.Debug|Any CPU.Build.0 = Debug|Any CPU
		{0C53ADD6-C58A-43C3-A76F-2A98445588AD}.Debug|x64.ActiveCfg = Debug|Any CPU
		{0C53ADD6-C58A-43C3-A76F-2A98445588AD}.Debug|x64.Build.0 = Debug|Any CPU
		{0C53ADD6-C58A-43C3-A76F-2A98445588AD}.Debug|x86.ActiveCfg = Debug|Any CPU
		{0C53ADD6-C58A-43C3-A76F-2A98445588AD}.Debug|x86.Build.0 = Debug|Any CPU
		{0C53ADD6-C58A-43C3-A76F-2A98445588AD}.Release|Any CPU.ActiveCfg = Release|Any CPU
		{0C53ADD6-C58A-43C3-A76F-2A98445588AD}.Release|Any CPU.Build.0 = Release|Any CPU
		{0C53ADD6-C58A-43C3-A76F-2A98445588AD}.Release|x64.ActiveCfg = Release|Any CPU
		{0C53ADD6-C58A-43C3-A76F-2A98445588AD}.Release|x64.Build.0 = Release|Any CPU
		{0C53ADD6-C58A-43C3-A76F-2A98445588AD}.Release|x86.ActiveCfg = Release|Any CPU
		{0C53ADD6-C58A-43C3-A76F-2A98445588AD}.Release|x86.Build.0 = Release|Any CPU
		{6CF58264-5151-44F5-8AC1-6A2E81BC0070}.Debug|Any CPU.ActiveCfg = Debug|Any CPU
		{6CF58264-5151-44F5-8AC1-6A2E81BC0070}.Debug|Any CPU.Build.0 = Debug|Any CPU
		{6CF58264-5151-44F5-8AC1-6A2E81BC0070}.Debug|x64.ActiveCfg = Debug|Any CPU
		{6CF58264-5151-44F5-8AC1-6A2E81BC0070}.Debug|x64.Build.0 = Debug|Any CPU
		{6CF58264-5151-44F5-8AC1-6A2E81BC0070}.Debug|x86.ActiveCfg = Debug|Any CPU
		{6CF58264-5151-44F5-8AC1-6A2E81BC0070}.Debug|x86.Build.0 = Debug|Any CPU
		{6CF58264-5151-44F5-8AC1-6A2E81BC0070}.Release|Any CPU.ActiveCfg = Release|Any CPU
		{6CF58264-5151-44F5-8AC1-6A2E81BC0070}.Release|Any CPU.Build.0 = Release|Any CPU
		{6CF58264-5151-44F5-8AC1-6A2E81BC0070}.Release|x64.ActiveCfg = Release|Any CPU
		{6CF58264-5151-44F5-8AC1-6A2E81BC0070}.Release|x64.Build.0 = Release|Any CPU
		{6CF58264-5151-44F5-8AC1-6A2E81BC0070}.Release|x86.ActiveCfg = Release|Any CPU
		{6CF58264-5151-44F5-8AC1-6A2E81BC0070}.Release|x86.Build.0 = Release|Any CPU
	EndGlobalSection
	GlobalSection(SolutionProperties) = preSolution
		HideSolutionNode = FALSE
	EndGlobalSection
	GlobalSection(NestedProjects) = preSolution
		{63B984D8-489E-4BDA-8398-F3ACC2C80245} = {827E0CD3-B72D-47B6-A68D-7590B98EB39B}
		{0BB92853-3F14-49C1-A464-521CC4DA8E50} = {827E0CD3-B72D-47B6-A68D-7590B98EB39B}
		{AE5C6195-E26A-4416-98B3-9AE64F42C13A} = {827E0CD3-B72D-47B6-A68D-7590B98EB39B}
		{930B459A-1AFE-4252-BE30-E6ECB481FB48} = {0AB3BF05-4346-4AA6-1389-037BE0695223}
		{4CC74264-524C-4DE7-8A85-EACB72F0D176} = {827E0CD3-B72D-47B6-A68D-7590B98EB39B}
		{EFB2C78B-88D9-4F19-A240-CFDFE32C9ADA} = {0AB3BF05-4346-4AA6-1389-037BE0695223}
		{7942D0C4-B0E4-4C8F-9B2E-E7FBA28529F0} = {827E0CD3-B72D-47B6-A68D-7590B98EB39B}
		{1373FC4D-27D7-4C88-AD1D-2A72304095CE} = {827E0CD3-B72D-47B6-A68D-7590B98EB39B}
		{37ABEE85-D03D-417D-AAC8-9D8E39F22066} = {827E0CD3-B72D-47B6-A68D-7590B98EB39B}
		{E2BC2E69-9270-42B9-B23A-19647718428D} = {827E0CD3-B72D-47B6-A68D-7590B98EB39B}
		{7BC266CB-2C3C-4473-816C-418159C8428B} = {827E0CD3-B72D-47B6-A68D-7590B98EB39B}
		{D15FF416-FD82-4CD2-BF42-1AFE026E30C1} = {827E0CD3-B72D-47B6-A68D-7590B98EB39B}
		{75970899-C90C-4BDB-BA9C-148C703A99E0} = {827E0CD3-B72D-47B6-A68D-7590B98EB39B}
		{C6F0FCB7-96EF-456B-8769-CB702041181A} = {827E0CD3-B72D-47B6-A68D-7590B98EB39B}
		{CFBD15CC-26DA-4963-9F1D-A0A5A385DDDE} = {827E0CD3-B72D-47B6-A68D-7590B98EB39B}
		{C7BED4A5-BED3-416E-B2EB-196ECD4087E4} = {827E0CD3-B72D-47B6-A68D-7590B98EB39B}
		{1A111111-1111-4111-8111-111111111116} = {827E0CD3-B72D-47B6-A68D-7590B98EB39B}
		{2B222222-2222-4222-8222-222222222216} = {827E0CD3-B72D-47B6-A68D-7590B98EB39B}
		{3C333333-3333-4333-8333-333333333316} = {827E0CD3-B72D-47B6-A68D-7590B98EB39B}
		{4D444444-4444-4444-8444-444444444416} = {827E0CD3-B72D-47B6-A68D-7590B98EB39B}
		{5E555555-5555-4555-8555-555555555517} = {827E0CD3-B72D-47B6-A68D-7590B98EB39B}
		{6F666666-6666-4666-8666-666666666617} = {827E0CD3-B72D-47B6-A68D-7590B98EB39B}
		{23E822DC-57B0-4648-BABA-3EDDAD51D371} = {827E0CD3-B72D-47B6-A68D-7590B98EB39B}
		{A6988B39-F7A3-4357-9949-1E0AC7CCD96A} = {827E0CD3-B72D-47B6-A68D-7590B98EB39B}
		{614CC921-7837-467E-86EA-04DB6B1F0F42} = {827E0CD3-B72D-47B6-A68D-7590B98EB39B}
		{3284A697-CFFD-4146-A8E6-780FB4D155C0} = {827E0CD3-B72D-47B6-A68D-7590B98EB39B}
		{0A691F44-CEED-4380-B33C-9236F42A54AC} = {827E0CD3-B72D-47B6-A68D-7590B98EB39B}
		{FEF82A5B-647B-493B-9DE7-FC55811C2888} = {827E0CD3-B72D-47B6-A68D-7590B98EB39B}
		{0C53ADD6-C58A-43C3-A76F-2A98445588AD} = {827E0CD3-B72D-47B6-A68D-7590B98EB39B}
		{6CF58264-5151-44F5-8AC1-6A2E81BC0070} = {0AB3BF05-4346-4AA6-1389-037BE0695223}
	EndGlobalSection
EndGlobal
